// !$*UTF8*$!
{
	archiveVersion = 1;
	classes = {
	};
	objectVersion = 50;
	objects = {

/* Begin PBXBuildFile section */
		189A6C31EE0056CA477104CB /* Pods_JstTreeSwift.framework in Frameworks */ = {isa = PBXBuildFile; fileRef = AAAB87B57CAAC88BE1BF0B14 /* Pods_JstTreeSwift.framework */; };
		D61F699FD5F8770492907156 /* Pods_JstTreeSwiftTests.framework in Frameworks */ = {isa = PBXBuildFile; fileRef = 323FD9459E623ABE06028096 /* Pods_JstTreeSwiftTests.framework */; };
		D711AA492306819900C4C513 /* NSString+GetmanagerHashSha.m in Sources */ = {isa = PBXBuildFile; fileRef = D711AA482306819900C4C513 /* NSString+GetmanagerHashSha.m */; };
		D71D91A422E82E5200CA9E00 /* ForgetPasswordViewController.swift in Sources */ = {isa = PBXBuildFile; fileRef = D71D91A322E82E5200CA9E00 /* ForgetPasswordViewController.swift */; };
		D75EFFA122EE893800497E4D /* GHTools.swift in Sources */ = {isa = PBXBuildFile; fileRef = D75EFFA022EE893800497E4D /* GHTools.swift */; };
		D7A1D62322E01CA5007875F9 /* AppDelegate.swift in Sources */ = {isa = PBXBuildFile; fileRef = D7A1D62222E01CA5007875F9 /* AppDelegate.swift */; };
		D7A1D62522E01CA5007875F9 /* ViewController.swift in Sources */ = {isa = PBXBuildFile; fileRef = D7A1D62422E01CA5007875F9 /* ViewController.swift */; };
		D7A1D62822E01CA6007875F9 /* Main.storyboard in Resources */ = {isa = PBXBuildFile; fileRef = D7A1D62622E01CA6007875F9 /* Main.storyboard */; };
		D7A1D62A22E01CA7007875F9 /* Assets.xcassets in Resources */ = {isa = PBXBuildFile; fileRef = D7A1D62922E01CA7007875F9 /* Assets.xcassets */; };
		D7A1D62D22E01CA7007875F9 /* LaunchScreen.storyboard in Resources */ = {isa = PBXBuildFile; fileRef = D7A1D62B22E01CA7007875F9 /* LaunchScreen.storyboard */; };
		D7A1D63822E01CA7007875F9 /* JstTreeSwiftTests.swift in Sources */ = {isa = PBXBuildFile; fileRef = D7A1D63722E01CA7007875F9 /* JstTreeSwiftTests.swift */; };
		D7A1D64322E01CA8007875F9 /* JstTreeSwiftUITests.swift in Sources */ = {isa = PBXBuildFile; fileRef = D7A1D64222E01CA8007875F9 /* JstTreeSwiftUITests.swift */; };
		D7A1D65422E01DA6007875F9 /* GH_TabBarViewController.swift in Sources */ = {isa = PBXBuildFile; fileRef = D7A1D65322E01DA6007875F9 /* GH_TabBarViewController.swift */; };
		D7A1D65622E01DB7007875F9 /* GH_NavViewController.swift in Sources */ = {isa = PBXBuildFile; fileRef = D7A1D65522E01DB7007875F9 /* GH_NavViewController.swift */; };
		D7A1D65822E01DC6007875F9 /* BaseViewController.swift in Sources */ = {isa = PBXBuildFile; fileRef = D7A1D65722E01DC6007875F9 /* BaseViewController.swift */; };
		D7A1D65D22E0202C007875F9 /* GH_HomeViewController.swift in Sources */ = {isa = PBXBuildFile; fileRef = D7A1D65C22E0202C007875F9 /* GH_HomeViewController.swift */; };
		D7A1D65F22E02066007875F9 /* GH_OrderViewController.swift in Sources */ = {isa = PBXBuildFile; fileRef = D7A1D65E22E02066007875F9 /* GH_OrderViewController.swift */; };
		D7A1D66122E0207C007875F9 /* GH_MyViewController.swift in Sources */ = {isa = PBXBuildFile; fileRef = D7A1D66022E0207C007875F9 /* GH_MyViewController.swift */; };
		D7A1D66422E04A19007875F9 /* GH_HomeTableViewCell.swift in Sources */ = {isa = PBXBuildFile; fileRef = D7A1D66322E04A19007875F9 /* GH_HomeTableViewCell.swift */; };
		D7A1D66622E05906007875F9 /* GHConst.swift in Sources */ = {isa = PBXBuildFile; fileRef = D7A1D66522E05906007875F9 /* GHConst.swift */; };
		D7A1D66822E070A8007875F9 /* GH_HomeDetailViewController.swift in Sources */ = {isa = PBXBuildFile; fileRef = D7A1D66722E070A8007875F9 /* GH_HomeDetailViewController.swift */; };
		D7B571EB22E94126004F89BD /* GH_MyPhoneViewController.swift in Sources */ = {isa = PBXBuildFile; fileRef = D7B571EA22E94126004F89BD /* GH_MyPhoneViewController.swift */; };
		D7C190A322E1B58F00131056 /* GH_My_Button.swift in Sources */ = {isa = PBXBuildFile; fileRef = D7C190A222E1B58F00131056 /* GH_My_Button.swift */; };
		D7C190A522E1C16400131056 /* GH_MessageViewController.swift in Sources */ = {isa = PBXBuildFile; fileRef = D7C190A422E1C16400131056 /* GH_MessageViewController.swift */; };
		D7C190AA22E1C56B00131056 /* GH_MessageTableViewCell.swift in Sources */ = {isa = PBXBuildFile; fileRef = D7C190A922E1C56B00131056 /* GH_MessageTableViewCell.swift */; };
		D7C190AC22E1CADA00131056 /* GH_MessageDetailViewController.swift in Sources */ = {isa = PBXBuildFile; fileRef = D7C190AB22E1CADA00131056 /* GH_MessageDetailViewController.swift */; };
		D7C190AE22E1CB6100131056 /* GH_AboutUsViewController.swift in Sources */ = {isa = PBXBuildFile; fileRef = D7C190AD22E1CB6100131056 /* GH_AboutUsViewController.swift */; };
		D7C190B022E1CDAE00131056 /* GH_PersionMessageViewController.swift in Sources */ = {isa = PBXBuildFile; fileRef = D7C190AF22E1CDAE00131056 /* GH_PersionMessageViewController.swift */; };
		D7C190B222E1CE2A00131056 /* GH_PersionMessageTableViewCell.swift in Sources */ = {isa = PBXBuildFile; fileRef = D7C190B122E1CE2A00131056 /* GH_PersionMessageTableViewCell.swift */; };
		D7C190B422E1D88100131056 /* GH_ChangePasswordViewController.swift in Sources */ = {isa = PBXBuildFile; fileRef = D7C190B322E1D88100131056 /* GH_ChangePasswordViewController.swift */; };
		D7CBE51C22E2E219003D5390 /* LoginCodeViewController.swift in Sources */ = {isa = PBXBuildFile; fileRef = D7CBE51B22E2E219003D5390 /* LoginCodeViewController.swift */; };
		D7D12A952303E213008BF9DC /* GetManager.swift in Sources */ = {isa = PBXBuildFile; fileRef = D7D12A942303E213008BF9DC /* GetManager.swift */; };
		D7F4085822E158FB0002E85F /* GH_OrderListTableViewCell.swift in Sources */ = {isa = PBXBuildFile; fileRef = D7F4085722E158FB0002E85F /* GH_OrderListTableViewCell.swift */; };
		D7F4085A22E1598E0002E85F /* GH_OrderListTopView.swift in Sources */ = {isa = PBXBuildFile; fileRef = D7F4085922E1598E0002E85F /* GH_OrderListTopView.swift */; };
		D7FC6BF622E54F0200CC451A /* RegisterViewController.swift in Sources */ = {isa = PBXBuildFile; fileRef = D7FC6BF522E54F0200CC451A /* RegisterViewController.swift */; };
		D7FC6BF822E58F8200CC451A /* LoginCountAndPassWordViewController.swift in Sources */ = {isa = PBXBuildFile; fileRef = D7FC6BF722E58F8200CC451A /* LoginCountAndPassWordViewController.swift */; };
		E7D0725E90F7FEBAAE862450 /* Pods_JstTreeSwiftUITests.framework in Frameworks */ = {isa = PBXBuildFile; fileRef = 3DF490680DA17BFC92986B1B /* Pods_JstTreeSwiftUITests.framework */; };
/* End PBXBuildFile section */

/* Begin PBXContainerItemProxy section */
		D7A1D63422E01CA7007875F9 /* PBXContainerItemProxy */ = {
			isa = PBXContainerItemProxy;
			containerPortal = D7A1D61722E01CA5007875F9 /* Project object */;
			proxyType = 1;
			remoteGlobalIDString = D7A1D61E22E01CA5007875F9;
			remoteInfo = JstTreeSwift;
		};
		D7A1D63F22E01CA8007875F9 /* PBXContainerItemProxy */ = {
			isa = PBXContainerItemProxy;
			containerPortal = D7A1D61722E01CA5007875F9 /* Project object */;
			proxyType = 1;
			remoteGlobalIDString = D7A1D61E22E01CA5007875F9;
			remoteInfo = JstTreeSwift;
		};
/* End PBXContainerItemProxy section */

/* Begin PBXFileReference section */
		0450A3A77154B06CBD4F099C /* Pods-JstTreeSwiftTests.release.xcconfig */ = {isa = PBXFileReference; includeInIndex = 1; lastKnownFileType = text.xcconfig; name = "Pods-JstTreeSwiftTests.release.xcconfig"; path = "Pods/Target Support Files/Pods-JstTreeSwiftTests/Pods-JstTreeSwiftTests.release.xcconfig"; sourceTree = "<group>"; };
		323FD9459E623ABE06028096 /* Pods_JstTreeSwiftTests.framework */ = {isa = PBXFileReference; explicitFileType = wrapper.framework; includeInIndex = 0; path = Pods_JstTreeSwiftTests.framework; sourceTree = BUILT_PRODUCTS_DIR; };
		37459F6FA69E0A6557B9F6A7 /* Pods-JstTreeSwift.debug.xcconfig */ = {isa = PBXFileReference; includeInIndex = 1; lastKnownFileType = text.xcconfig; name = "Pods-JstTreeSwift.debug.xcconfig"; path = "Pods/Target Support Files/Pods-JstTreeSwift/Pods-JstTreeSwift.debug.xcconfig"; sourceTree = "<group>"; };
		3DF490680DA17BFC92986B1B /* Pods_JstTreeSwiftUITests.framework */ = {isa = PBXFileReference; explicitFileType = wrapper.framework; includeInIndex = 0; path = Pods_JstTreeSwiftUITests.framework; sourceTree = BUILT_PRODUCTS_DIR; };
		6B38B857588397098E9759FD /* Pods-JstTreeSwift.release.xcconfig */ = {isa = PBXFileReference; includeInIndex = 1; lastKnownFileType = text.xcconfig; name = "Pods-JstTreeSwift.release.xcconfig"; path = "Pods/Target Support Files/Pods-JstTreeSwift/Pods-JstTreeSwift.release.xcconfig"; sourceTree = "<group>"; };
		851717A883D858B420C7C708 /* Pods-JstTreeSwiftUITests.debug.xcconfig */ = {isa = PBXFileReference; includeInIndex = 1; lastKnownFileType = text.xcconfig; name = "Pods-JstTreeSwiftUITests.debug.xcconfig"; path = "Pods/Target Support Files/Pods-JstTreeSwiftUITests/Pods-JstTreeSwiftUITests.debug.xcconfig"; sourceTree = "<group>"; };
		8A9D09418A953187EA1395F6 /* Pods-JstTreeSwiftUITests.release.xcconfig */ = {isa = PBXFileReference; includeInIndex = 1; lastKnownFileType = text.xcconfig; name = "Pods-JstTreeSwiftUITests.release.xcconfig"; path = "Pods/Target Support Files/Pods-JstTreeSwiftUITests/Pods-JstTreeSwiftUITests.release.xcconfig"; sourceTree = "<group>"; };
		909C5F14979F7523744F006A /* Pods-JstTreeSwiftTests.debug.xcconfig */ = {isa = PBXFileReference; includeInIndex = 1; lastKnownFileType = text.xcconfig; name = "Pods-JstTreeSwiftTests.debug.xcconfig"; path = "Pods/Target Support Files/Pods-JstTreeSwiftTests/Pods-JstTreeSwiftTests.debug.xcconfig"; sourceTree = "<group>"; };
		AAAB87B57CAAC88BE1BF0B14 /* Pods_JstTreeSwift.framework */ = {isa = PBXFileReference; explicitFileType = wrapper.framework; includeInIndex = 0; path = Pods_JstTreeSwift.framework; sourceTree = BUILT_PRODUCTS_DIR; };
		D711AA472306819900C4C513 /* NSString+GetmanagerHashSha.h */ = {isa = PBXFileReference; fileEncoding = 4; lastKnownFileType = sourcecode.c.h; path = "NSString+GetmanagerHashSha.h"; sourceTree = "<group>"; };
		D711AA482306819900C4C513 /* NSString+GetmanagerHashSha.m */ = {isa = PBXFileReference; fileEncoding = 4; lastKnownFileType = sourcecode.c.objc; path = "NSString+GetmanagerHashSha.m"; sourceTree = "<group>"; };
		D71D91A322E82E5200CA9E00 /* ForgetPasswordViewController.swift */ = {isa = PBXFileReference; lastKnownFileType = sourcecode.swift; path = ForgetPasswordViewController.swift; sourceTree = "<group>"; };
		D75EFFA022EE893800497E4D /* GHTools.swift */ = {isa = PBXFileReference; lastKnownFileType = sourcecode.swift; path = GHTools.swift; sourceTree = "<group>"; };
		D7A1D61F22E01CA5007875F9 /* JstTreeSwift.app */ = {isa = PBXFileReference; explicitFileType = wrapper.application; includeInIndex = 0; path = JstTreeSwift.app; sourceTree = BUILT_PRODUCTS_DIR; };
		D7A1D62222E01CA5007875F9 /* AppDelegate.swift */ = {isa = PBXFileReference; lastKnownFileType = sourcecode.swift; path = AppDelegate.swift; sourceTree = "<group>"; };
		D7A1D62422E01CA5007875F9 /* ViewController.swift */ = {isa = PBXFileReference; lastKnownFileType = sourcecode.swift; path = ViewController.swift; sourceTree = "<group>"; };
		D7A1D62722E01CA6007875F9 /* Base */ = {isa = PBXFileReference; lastKnownFileType = file.storyboard; name = Base; path = Base.lproj/Main.storyboard; sourceTree = "<group>"; };
		D7A1D62922E01CA7007875F9 /* Assets.xcassets */ = {isa = PBXFileReference; lastKnownFileType = folder.assetcatalog; path = Assets.xcassets; sourceTree = "<group>"; };
		D7A1D62C22E01CA7007875F9 /* Base */ = {isa = PBXFileReference; lastKnownFileType = file.storyboard; name = Base; path = Base.lproj/LaunchScreen.storyboard; sourceTree = "<group>"; };
		D7A1D62E22E01CA7007875F9 /* Info.plist */ = {isa = PBXFileReference; lastKnownFileType = text.plist.xml; path = Info.plist; sourceTree = "<group>"; };
		D7A1D63322E01CA7007875F9 /* JstTreeSwiftTests.xctest */ = {isa = PBXFileReference; explicitFileType = wrapper.cfbundle; includeInIndex = 0; path = JstTreeSwiftTests.xctest; sourceTree = BUILT_PRODUCTS_DIR; };
		D7A1D63722E01CA7007875F9 /* JstTreeSwiftTests.swift */ = {isa = PBXFileReference; lastKnownFileType = sourcecode.swift; path = JstTreeSwiftTests.swift; sourceTree = "<group>"; };
		D7A1D63922E01CA7007875F9 /* Info.plist */ = {isa = PBXFileReference; lastKnownFileType = text.plist.xml; path = Info.plist; sourceTree = "<group>"; };
		D7A1D63E22E01CA8007875F9 /* JstTreeSwiftUITests.xctest */ = {isa = PBXFileReference; explicitFileType = wrapper.cfbundle; includeInIndex = 0; path = JstTreeSwiftUITests.xctest; sourceTree = BUILT_PRODUCTS_DIR; };
		D7A1D64222E01CA8007875F9 /* JstTreeSwiftUITests.swift */ = {isa = PBXFileReference; lastKnownFileType = sourcecode.swift; path = JstTreeSwiftUITests.swift; sourceTree = "<group>"; };
		D7A1D64422E01CA8007875F9 /* Info.plist */ = {isa = PBXFileReference; lastKnownFileType = text.plist.xml; path = Info.plist; sourceTree = "<group>"; };
		D7A1D65322E01DA6007875F9 /* GH_TabBarViewController.swift */ = {isa = PBXFileReference; lastKnownFileType = sourcecode.swift; path = GH_TabBarViewController.swift; sourceTree = "<group>"; };
		D7A1D65522E01DB7007875F9 /* GH_NavViewController.swift */ = {isa = PBXFileReference; lastKnownFileType = sourcecode.swift; path = GH_NavViewController.swift; sourceTree = "<group>"; };
		D7A1D65722E01DC6007875F9 /* BaseViewController.swift */ = {isa = PBXFileReference; lastKnownFileType = sourcecode.swift; path = BaseViewController.swift; sourceTree = "<group>"; };
		D7A1D65C22E0202C007875F9 /* GH_HomeViewController.swift */ = {isa = PBXFileReference; lastKnownFileType = sourcecode.swift; path = GH_HomeViewController.swift; sourceTree = "<group>"; };
		D7A1D65E22E02066007875F9 /* GH_OrderViewController.swift */ = {isa = PBXFileReference; lastKnownFileType = sourcecode.swift; path = GH_OrderViewController.swift; sourceTree = "<group>"; };
		D7A1D66022E0207C007875F9 /* GH_MyViewController.swift */ = {isa = PBXFileReference; lastKnownFileType = sourcecode.swift; path = GH_MyViewController.swift; sourceTree = "<group>"; };
		D7A1D66322E04A19007875F9 /* GH_HomeTableViewCell.swift */ = {isa = PBXFileReference; lastKnownFileType = sourcecode.swift; path = GH_HomeTableViewCell.swift; sourceTree = "<group>"; };
		D7A1D66522E05906007875F9 /* GHConst.swift */ = {isa = PBXFileReference; lastKnownFileType = sourcecode.swift; path = GHConst.swift; sourceTree = "<group>"; };
		D7A1D66722E070A8007875F9 /* GH_HomeDetailViewController.swift */ = {isa = PBXFileReference; lastKnownFileType = sourcecode.swift; path = GH_HomeDetailViewController.swift; sourceTree = "<group>"; };
		D7B571EA22E94126004F89BD /* GH_MyPhoneViewController.swift */ = {isa = PBXFileReference; lastKnownFileType = sourcecode.swift; path = GH_MyPhoneViewController.swift; sourceTree = "<group>"; };
		D7C190A222E1B58F00131056 /* GH_My_Button.swift */ = {isa = PBXFileReference; lastKnownFileType = sourcecode.swift; path = GH_My_Button.swift; sourceTree = "<group>"; };
		D7C190A422E1C16400131056 /* GH_MessageViewController.swift */ = {isa = PBXFileReference; lastKnownFileType = sourcecode.swift; path = GH_MessageViewController.swift; sourceTree = "<group>"; };
		D7C190A922E1C56B00131056 /* GH_MessageTableViewCell.swift */ = {isa = PBXFileReference; lastKnownFileType = sourcecode.swift; path = GH_MessageTableViewCell.swift; sourceTree = "<group>"; };
		D7C190AB22E1CADA00131056 /* GH_MessageDetailViewController.swift */ = {isa = PBXFileReference; lastKnownFileType = sourcecode.swift; path = GH_MessageDetailViewController.swift; sourceTree = "<group>"; };
		D7C190AD22E1CB6100131056 /* GH_AboutUsViewController.swift */ = {isa = PBXFileReference; lastKnownFileType = sourcecode.swift; path = GH_AboutUsViewController.swift; sourceTree = "<group>"; };
		D7C190AF22E1CDAE00131056 /* GH_PersionMessageViewController.swift */ = {isa = PBXFileReference; lastKnownFileType = sourcecode.swift; path = GH_PersionMessageViewController.swift; sourceTree = "<group>"; };
		D7C190B122E1CE2A00131056 /* GH_PersionMessageTableViewCell.swift */ = {isa = PBXFileReference; lastKnownFileType = sourcecode.swift; path = GH_PersionMessageTableViewCell.swift; sourceTree = "<group>"; };
		D7C190B322E1D88100131056 /* GH_ChangePasswordViewController.swift */ = {isa = PBXFileReference; lastKnownFileType = sourcecode.swift; path = GH_ChangePasswordViewController.swift; sourceTree = "<group>"; };
		D7CBE51B22E2E219003D5390 /* LoginCodeViewController.swift */ = {isa = PBXFileReference; lastKnownFileType = sourcecode.swift; path = LoginCodeViewController.swift; sourceTree = "<group>"; };
		D7CBE51D22E31AB0003D5390 /* JstTreeSwift-Bridging-Header.h */ = {isa = PBXFileReference; lastKnownFileType = sourcecode.c.h; path = "JstTreeSwift-Bridging-Header.h"; sourceTree = "<group>"; };
		D7D12A942303E213008BF9DC /* GetManager.swift */ = {isa = PBXFileReference; lastKnownFileType = sourcecode.swift; path = GetManager.swift; sourceTree = "<group>"; };
		D7F4085722E158FB0002E85F /* GH_OrderListTableViewCell.swift */ = {isa = PBXFileReference; lastKnownFileType = sourcecode.swift; path = GH_OrderListTableViewCell.swift; sourceTree = "<group>"; };
		D7F4085922E1598E0002E85F /* GH_OrderListTopView.swift */ = {isa = PBXFileReference; lastKnownFileType = sourcecode.swift; path = GH_OrderListTopView.swift; sourceTree = "<group>"; };
		D7FC6BF522E54F0200CC451A /* RegisterViewController.swift */ = {isa = PBXFileReference; lastKnownFileType = sourcecode.swift; path = RegisterViewController.swift; sourceTree = "<group>"; };
		D7FC6BF722E58F8200CC451A /* LoginCountAndPassWordViewController.swift */ = {isa = PBXFileReference; lastKnownFileType = sourcecode.swift; path = LoginCountAndPassWordViewController.swift; sourceTree = "<group>"; };
/* End PBXFileReference section */

/* Begin PBXFrameworksBuildPhase section */
		D7A1D61C22E01CA5007875F9 /* Frameworks */ = {
			isa = PBXFrameworksBuildPhase;
			buildActionMask = 2147483647;
			files = (
				189A6C31EE0056CA477104CB /* Pods_JstTreeSwift.framework in Frameworks */,
			);
			runOnlyForDeploymentPostprocessing = 0;
		};
		D7A1D63022E01CA7007875F9 /* Frameworks */ = {
			isa = PBXFrameworksBuildPhase;
			buildActionMask = 2147483647;
			files = (
				D61F699FD5F8770492907156 /* Pods_JstTreeSwiftTests.framework in Frameworks */,
			);
			runOnlyForDeploymentPostprocessing = 0;
		};
		D7A1D63B22E01CA8007875F9 /* Frameworks */ = {
			isa = PBXFrameworksBuildPhase;
			buildActionMask = 2147483647;
			files = (
				E7D0725E90F7FEBAAE862450 /* Pods_JstTreeSwiftUITests.framework in Frameworks */,
			);
			runOnlyForDeploymentPostprocessing = 0;
		};
/* End PBXFrameworksBuildPhase section */

/* Begin PBXGroup section */
		4AFE84E32F954215DC604FE7 /* Pods */ = {
			isa = PBXGroup;
			children = (
				37459F6FA69E0A6557B9F6A7 /* Pods-JstTreeSwift.debug.xcconfig */,
				6B38B857588397098E9759FD /* Pods-JstTreeSwift.release.xcconfig */,
				909C5F14979F7523744F006A /* Pods-JstTreeSwiftTests.debug.xcconfig */,
				0450A3A77154B06CBD4F099C /* Pods-JstTreeSwiftTests.release.xcconfig */,
				851717A883D858B420C7C708 /* Pods-JstTreeSwiftUITests.debug.xcconfig */,
				8A9D09418A953187EA1395F6 /* Pods-JstTreeSwiftUITests.release.xcconfig */,
			);
			name = Pods;
			sourceTree = "<group>";
		};
		9B79EAE71B4E4D173E7DB4BE /* Frameworks */ = {
			isa = PBXGroup;
			children = (
				AAAB87B57CAAC88BE1BF0B14 /* Pods_JstTreeSwift.framework */,
				323FD9459E623ABE06028096 /* Pods_JstTreeSwiftTests.framework */,
				3DF490680DA17BFC92986B1B /* Pods_JstTreeSwiftUITests.framework */,
			);
			name = Frameworks;
			sourceTree = "<group>";
		};
		D75EFFA222EE8BD600497E4D /* 网络 */ = {
			isa = PBXGroup;
			children = (
				D7D12A942303E213008BF9DC /* GetManager.swift */,
				D711AA472306819900C4C513 /* NSString+GetmanagerHashSha.h */,
				D711AA482306819900C4C513 /* NSString+GetmanagerHashSha.m */,
			);
			path = "网络";
			sourceTree = "<group>";
		};
		D7A1D61622E01CA5007875F9 = {
			isa = PBXGroup;
			children = (
				D7A1D62122E01CA5007875F9 /* JstTreeSwift */,
				D7A1D63622E01CA7007875F9 /* JstTreeSwiftTests */,
				D7A1D64122E01CA8007875F9 /* JstTreeSwiftUITests */,
				D7A1D62022E01CA5007875F9 /* Products */,
				4AFE84E32F954215DC604FE7 /* Pods */,
				9B79EAE71B4E4D173E7DB4BE /* Frameworks */,
			);
			sourceTree = "<group>";
		};
		D7A1D62022E01CA5007875F9 /* Products */ = {
			isa = PBXGroup;
			children = (
				D7A1D61F22E01CA5007875F9 /* JstTreeSwift.app */,
				D7A1D63322E01CA7007875F9 /* JstTreeSwiftTests.xctest */,
				D7A1D63E22E01CA8007875F9 /* JstTreeSwiftUITests.xctest */,
			);
			name = Products;
			sourceTree = "<group>";
		};
		D7A1D62122E01CA5007875F9 /* JstTreeSwift */ = {
			isa = PBXGroup;
			children = (
				D75EFFA222EE8BD600497E4D /* 网络 */,
				D7CBE51A22E2E1F5003D5390 /* LoginAndRegister */,
				D7CBE51922E2E1E9003D5390 /* Tools */,
				D7A1D65222E01D7C007875F9 /* TabBar */,
				D7A1D65122E01D6E007875F9 /* 导航栏 */,
				D7A1D65022E01D5D007875F9 /* BaseViewController */,
				D7A1D65922E01DCD007875F9 /* 首页 */,
				D7A1D65A22E01DEE007875F9 /* 订单 */,
				D7A1D65B22E01DF7007875F9 /* 我的 */,
				D7A1D62222E01CA5007875F9 /* AppDelegate.swift */,
				D7A1D62422E01CA5007875F9 /* ViewController.swift */,
				D7A1D62622E01CA6007875F9 /* Main.storyboard */,
				D7A1D62922E01CA7007875F9 /* Assets.xcassets */,
				D7A1D62B22E01CA7007875F9 /* LaunchScreen.storyboard */,
				D7A1D62E22E01CA7007875F9 /* Info.plist */,
				D7CBE51D22E31AB0003D5390 /* JstTreeSwift-Bridging-Header.h */,
			);
			path = JstTreeSwift;
			sourceTree = "<group>";
		};
		D7A1D63622E01CA7007875F9 /* JstTreeSwiftTests */ = {
			isa = PBXGroup;
			children = (
				D7A1D63722E01CA7007875F9 /* JstTreeSwiftTests.swift */,
				D7A1D63922E01CA7007875F9 /* Info.plist */,
			);
			path = JstTreeSwiftTests;
			sourceTree = "<group>";
		};
		D7A1D64122E01CA8007875F9 /* JstTreeSwiftUITests */ = {
			isa = PBXGroup;
			children = (
				D7A1D64222E01CA8007875F9 /* JstTreeSwiftUITests.swift */,
				D7A1D64422E01CA8007875F9 /* Info.plist */,
			);
			path = JstTreeSwiftUITests;
			sourceTree = "<group>";
		};
		D7A1D65022E01D5D007875F9 /* BaseViewController */ = {
			isa = PBXGroup;
			children = (
				D7A1D65722E01DC6007875F9 /* BaseViewController.swift */,
			);
			path = BaseViewController;
			sourceTree = "<group>";
		};
		D7A1D65122E01D6E007875F9 /* 导航栏 */ = {
			isa = PBXGroup;
			children = (
				D7A1D65522E01DB7007875F9 /* GH_NavViewController.swift */,
			);
			path = "导航栏";
			sourceTree = "<group>";
		};
		D7A1D65222E01D7C007875F9 /* TabBar */ = {
			isa = PBXGroup;
			children = (
				D7A1D65322E01DA6007875F9 /* GH_TabBarViewController.swift */,
			);
			path = TabBar;
			sourceTree = "<group>";
		};
		D7A1D65922E01DCD007875F9 /* 首页 */ = {
			isa = PBXGroup;
			children = (
				D7A1D65C22E0202C007875F9 /* GH_HomeViewController.swift */,
				D7A1D66722E070A8007875F9 /* GH_HomeDetailViewController.swift */,
				D7A1D66322E04A19007875F9 /* GH_HomeTableViewCell.swift */,
			);
			path = "首页";
			sourceTree = "<group>";
		};
		D7A1D65A22E01DEE007875F9 /* 订单 */ = {
			isa = PBXGroup;
			children = (
				D7A1D65E22E02066007875F9 /* GH_OrderViewController.swift */,
				D7F4085722E158FB0002E85F /* GH_OrderListTableViewCell.swift */,
				D7F4085922E1598E0002E85F /* GH_OrderListTopView.swift */,
			);
			path = "订单";
			sourceTree = "<group>";
		};
		D7A1D65B22E01DF7007875F9 /* 我的 */ = {
			isa = PBXGroup;
			children = (
				D7C190A822E1C54E00131056 /* model */,
				D7C190A722E1C54100131056 /* view */,
				D7C190A622E1C52F00131056 /* controller */,
			);
			path = "我的";
			sourceTree = "<group>";
		};
		D7C190A622E1C52F00131056 /* controller */ = {
			isa = PBXGroup;
			children = (
				D7A1D66022E0207C007875F9 /* GH_MyViewController.swift */,
				D7C190A422E1C16400131056 /* GH_MessageViewController.swift */,
				D7C190AB22E1CADA00131056 /* GH_MessageDetailViewController.swift */,
				D7C190AD22E1CB6100131056 /* GH_AboutUsViewController.swift */,
				D7C190AF22E1CDAE00131056 /* GH_PersionMessageViewController.swift */,
				D7C190B322E1D88100131056 /* GH_ChangePasswordViewController.swift */,
				D7B571EA22E94126004F89BD /* GH_MyPhoneViewController.swift */,
			);
			path = controller;
			sourceTree = "<group>";
		};
		D7C190A722E1C54100131056 /* view */ = {
			isa = PBXGroup;
			children = (
				D7C190A222E1B58F00131056 /* GH_My_Button.swift */,
				D7C190A922E1C56B00131056 /* GH_MessageTableViewCell.swift */,
				D7C190B122E1CE2A00131056 /* GH_PersionMessageTableViewCell.swift */,
			);
			path = view;
			sourceTree = "<group>";
		};
		D7C190A822E1C54E00131056 /* model */ = {
			isa = PBXGroup;
			children = (
			);
			path = model;
			sourceTree = "<group>";
		};
		D7CBE51922E2E1E9003D5390 /* Tools */ = {
			isa = PBXGroup;
			children = (
				D7A1D66522E05906007875F9 /* GHConst.swift */,
				D75EFFA022EE893800497E4D /* GHTools.swift */,
			);
			path = Tools;
			sourceTree = "<group>";
		};
		D7CBE51A22E2E1F5003D5390 /* LoginAndRegister */ = {
			isa = PBXGroup;
			children = (
				D7CBE51B22E2E219003D5390 /* LoginCodeViewController.swift */,
				D7FC6BF522E54F0200CC451A /* RegisterViewController.swift */,
				D7FC6BF722E58F8200CC451A /* LoginCountAndPassWordViewController.swift */,
				D71D91A322E82E5200CA9E00 /* ForgetPasswordViewController.swift */,
			);
			path = LoginAndRegister;
			sourceTree = "<group>";
		};
/* End PBXGroup section */

/* Begin PBXNativeTarget section */
		D7A1D61E22E01CA5007875F9 /* JstTreeSwift */ = {
			isa = PBXNativeTarget;
			buildConfigurationList = D7A1D64722E01CA8007875F9 /* Build configuration list for PBXNativeTarget "JstTreeSwift" */;
			buildPhases = (
				59BFCA07C211C8B0A9B8D7AF /* [CP] Check Pods Manifest.lock */,
				D7A1D61B22E01CA5007875F9 /* Sources */,
				D7A1D61C22E01CA5007875F9 /* Frameworks */,
				D7A1D61D22E01CA5007875F9 /* Resources */,
				8DBC4D0CA355151E58CF3EF1 /* [CP] Embed Pods Frameworks */,
			);
			buildRules = (
			);
			dependencies = (
			);
			name = JstTreeSwift;
			productName = JstTreeSwift;
			productReference = D7A1D61F22E01CA5007875F9 /* JstTreeSwift.app */;
			productType = "com.apple.product-type.application";
		};
		D7A1D63222E01CA7007875F9 /* JstTreeSwiftTests */ = {
			isa = PBXNativeTarget;
			buildConfigurationList = D7A1D64A22E01CA8007875F9 /* Build configuration list for PBXNativeTarget "JstTreeSwiftTests" */;
			buildPhases = (
				DC625BCD77227100F20E31EC /* [CP] Check Pods Manifest.lock */,
				D7A1D62F22E01CA7007875F9 /* Sources */,
				D7A1D63022E01CA7007875F9 /* Frameworks */,
				D7A1D63122E01CA7007875F9 /* Resources */,
			);
			buildRules = (
			);
			dependencies = (
				D7A1D63522E01CA7007875F9 /* PBXTargetDependency */,
			);
			name = JstTreeSwiftTests;
			productName = JstTreeSwiftTests;
			productReference = D7A1D63322E01CA7007875F9 /* JstTreeSwiftTests.xctest */;
			productType = "com.apple.product-type.bundle.unit-test";
		};
		D7A1D63D22E01CA8007875F9 /* JstTreeSwiftUITests */ = {
			isa = PBXNativeTarget;
			buildConfigurationList = D7A1D64D22E01CA8007875F9 /* Build configuration list for PBXNativeTarget "JstTreeSwiftUITests" */;
			buildPhases = (
				6E4C8CA4CEFD11707CA7F0FA /* [CP] Check Pods Manifest.lock */,
				D7A1D63A22E01CA8007875F9 /* Sources */,
				D7A1D63B22E01CA8007875F9 /* Frameworks */,
				D7A1D63C22E01CA8007875F9 /* Resources */,
			);
			buildRules = (
			);
			dependencies = (
				D7A1D64022E01CA8007875F9 /* PBXTargetDependency */,
			);
			name = JstTreeSwiftUITests;
			productName = JstTreeSwiftUITests;
			productReference = D7A1D63E22E01CA8007875F9 /* JstTreeSwiftUITests.xctest */;
			productType = "com.apple.product-type.bundle.ui-testing";
		};
/* End PBXNativeTarget section */

/* Begin PBXProject section */
		D7A1D61722E01CA5007875F9 /* Project object */ = {
			isa = PBXProject;
			attributes = {
				LastSwiftUpdateCheck = 1010;
				LastUpgradeCheck = 1010;
				ORGANIZATIONNAME = "郭徽";
				TargetAttributes = {
					D7A1D61E22E01CA5007875F9 = {
						CreatedOnToolsVersion = 10.1;
						LastSwiftMigration = 1010;
					};
					D7A1D63222E01CA7007875F9 = {
						CreatedOnToolsVersion = 10.1;
						TestTargetID = D7A1D61E22E01CA5007875F9;
					};
					D7A1D63D22E01CA8007875F9 = {
						CreatedOnToolsVersion = 10.1;
						TestTargetID = D7A1D61E22E01CA5007875F9;
					};
				};
			};
			buildConfigurationList = D7A1D61A22E01CA5007875F9 /* Build configuration list for PBXProject "JstTreeSwift" */;
			compatibilityVersion = "Xcode 9.3";
			developmentRegion = en;
			hasScannedForEncodings = 0;
			knownRegions = (
				en,
				Base,
			);
			mainGroup = D7A1D61622E01CA5007875F9;
			productRefGroup = D7A1D62022E01CA5007875F9 /* Products */;
			projectDirPath = "";
			projectRoot = "";
			targets = (
				D7A1D61E22E01CA5007875F9 /* JstTreeSwift */,
				D7A1D63222E01CA7007875F9 /* JstTreeSwiftTests */,
				D7A1D63D22E01CA8007875F9 /* JstTreeSwiftUITests */,
			);
		};
/* End PBXProject section */

/* Begin PBXResourcesBuildPhase section */
		D7A1D61D22E01CA5007875F9 /* Resources */ = {
			isa = PBXResourcesBuildPhase;
			buildActionMask = 2147483647;
			files = (
				D7A1D62D22E01CA7007875F9 /* LaunchScreen.storyboard in Resources */,
				D7A1D62A22E01CA7007875F9 /* Assets.xcassets in Resources */,
				D7A1D62822E01CA6007875F9 /* Main.storyboard in Resources */,
			);
			runOnlyForDeploymentPostprocessing = 0;
		};
		D7A1D63122E01CA7007875F9 /* Resources */ = {
			isa = PBXResourcesBuildPhase;
			buildActionMask = 2147483647;
			files = (
			);
			runOnlyForDeploymentPostprocessing = 0;
		};
		D7A1D63C22E01CA8007875F9 /* Resources */ = {
			isa = PBXResourcesBuildPhase;
			buildActionMask = 2147483647;
			files = (
			);
			runOnlyForDeploymentPostprocessing = 0;
		};
/* End PBXResourcesBuildPhase section */

/* Begin PBXShellScriptBuildPhase section */
		59BFCA07C211C8B0A9B8D7AF /* [CP] Check Pods Manifest.lock */ = {
			isa = PBXShellScriptBuildPhase;
			buildActionMask = 2147483647;
			files = (
			);
			inputFileListPaths = (
			);
			inputPaths = (
				"${PODS_PODFILE_DIR_PATH}/Podfile.lock",
				"${PODS_ROOT}/Manifest.lock",
			);
			name = "[CP] Check Pods Manifest.lock";
			outputFileListPaths = (
			);
			outputPaths = (
				"$(DERIVED_FILE_DIR)/Pods-JstTreeSwift-checkManifestLockResult.txt",
			);
			runOnlyForDeploymentPostprocessing = 0;
			shellPath = /bin/sh;
			shellScript = "diff \"${PODS_PODFILE_DIR_PATH}/Podfile.lock\" \"${PODS_ROOT}/Manifest.lock\" > /dev/null\nif [ $? != 0 ] ; then\n    # print error to STDERR\n    echo \"error: The sandbox is not in sync with the Podfile.lock. Run 'pod install' or update your CocoaPods installation.\" >&2\n    exit 1\nfi\n# This output is used by Xcode 'outputs' to avoid re-running this script phase.\necho \"SUCCESS\" > \"${SCRIPT_OUTPUT_FILE_0}\"\n";
			showEnvVarsInLog = 0;
		};
		6E4C8CA4CEFD11707CA7F0FA /* [CP] Check Pods Manifest.lock */ = {
			isa = PBXShellScriptBuildPhase;
			buildActionMask = 2147483647;
			files = (
			);
			inputFileListPaths = (
			);
			inputPaths = (
				"${PODS_PODFILE_DIR_PATH}/Podfile.lock",
				"${PODS_ROOT}/Manifest.lock",
			);
			name = "[CP] Check Pods Manifest.lock";
			outputFileListPaths = (
			);
			outputPaths = (
				"$(DERIVED_FILE_DIR)/Pods-JstTreeSwiftUITests-checkManifestLockResult.txt",
			);
			runOnlyForDeploymentPostprocessing = 0;
			shellPath = /bin/sh;
			shellScript = "diff \"${PODS_PODFILE_DIR_PATH}/Podfile.lock\" \"${PODS_ROOT}/Manifest.lock\" > /dev/null\nif [ $? != 0 ] ; then\n    # print error to STDERR\n    echo \"error: The sandbox is not in sync with the Podfile.lock. Run 'pod install' or update your CocoaPods installation.\" >&2\n    exit 1\nfi\n# This output is used by Xcode 'outputs' to avoid re-running this script phase.\necho \"SUCCESS\" > \"${SCRIPT_OUTPUT_FILE_0}\"\n";
			showEnvVarsInLog = 0;
		};
		8DBC4D0CA355151E58CF3EF1 /* [CP] Embed Pods Frameworks */ = {
			isa = PBXShellScriptBuildPhase;
			buildActionMask = 2147483647;
			files = (
			);
			inputFileListPaths = (
			);
			inputPaths = (
				"${SRCROOT}/Pods/Target Support Files/Pods-JstTreeSwift/Pods-JstTreeSwift-frameworks.sh",
				"${BUILT_PRODUCTS_DIR}/AFNetworking/AFNetworking.framework",
				"${BUILT_PRODUCTS_DIR}/Alamofire/Alamofire.framework",
				"${BUILT_PRODUCTS_DIR}/IQKeyboardManagerSwift/IQKeyboardManagerSwift.framework",
				"${BUILT_PRODUCTS_DIR}/MBProgressHUD/MBProgressHUD.framework",
				"${BUILT_PRODUCTS_DIR}/MJRefresh/MJRefresh.framework",
				"${BUILT_PRODUCTS_DIR}/Moya/Moya.framework",
				"${BUILT_PRODUCTS_DIR}/Result/Result.framework",
				"${BUILT_PRODUCTS_DIR}/SDAutoLayout/SDAutoLayout.framework",
				"${BUILT_PRODUCTS_DIR}/SDWebImage/SDWebImage.framework",
				"${BUILT_PRODUCTS_DIR}/SnapKit/SnapKit.framework",
			);
			name = "[CP] Embed Pods Frameworks";
			outputFileListPaths = (
			);
			outputPaths = (
				"${TARGET_BUILD_DIR}/${FRAMEWORKS_FOLDER_PATH}/AFNetworking.framework",
				"${TARGET_BUILD_DIR}/${FRAMEWORKS_FOLDER_PATH}/Alamofire.framework",
				"${TARGET_BUILD_DIR}/${FRAMEWORKS_FOLDER_PATH}/IQKeyboardManagerSwift.framework",
				"${TARGET_BUILD_DIR}/${FRAMEWORKS_FOLDER_PATH}/MBProgressHUD.framework",
				"${TARGET_BUILD_DIR}/${FRAMEWORKS_FOLDER_PATH}/MJRefresh.framework",
				"${TARGET_BUILD_DIR}/${FRAMEWORKS_FOLDER_PATH}/Moya.framework",
				"${TARGET_BUILD_DIR}/${FRAMEWORKS_FOLDER_PATH}/Result.framework",
				"${TARGET_BUILD_DIR}/${FRAMEWORKS_FOLDER_PATH}/SDAutoLayout.framework",
				"${TARGET_BUILD_DIR}/${FRAMEWORKS_FOLDER_PATH}/SDWebImage.framework",
				"${TARGET_BUILD_DIR}/${FRAMEWORKS_FOLDER_PATH}/SnapKit.framework",
			);
			runOnlyForDeploymentPostprocessing = 0;
			shellPath = /bin/sh;
			shellScript = "\"${SRCROOT}/Pods/Target Support Files/Pods-JstTreeSwift/Pods-JstTreeSwift-frameworks.sh\"\n";
			showEnvVarsInLog = 0;
		};
		DC625BCD77227100F20E31EC /* [CP] Check Pods Manifest.lock */ = {
			isa = PBXShellScriptBuildPhase;
			buildActionMask = 2147483647;
			files = (
			);
			inputFileListPaths = (
			);
			inputPaths = (
				"${PODS_PODFILE_DIR_PATH}/Podfile.lock",
				"${PODS_ROOT}/Manifest.lock",
			);
			name = "[CP] Check Pods Manifest.lock";
			outputFileListPaths = (
			);
			outputPaths = (
				"$(DERIVED_FILE_DIR)/Pods-JstTreeSwiftTests-checkManifestLockResult.txt",
			);
			runOnlyForDeploymentPostprocessing = 0;
			shellPath = /bin/sh;
			shellScript = "diff \"${PODS_PODFILE_DIR_PATH}/Podfile.lock\" \"${PODS_ROOT}/Manifest.lock\" > /dev/null\nif [ $? != 0 ] ; then\n    # print error to STDERR\n    echo \"error: The sandbox is not in sync with the Podfile.lock. Run 'pod install' or update your CocoaPods installation.\" >&2\n    exit 1\nfi\n# This output is used by Xcode 'outputs' to avoid re-running this script phase.\necho \"SUCCESS\" > \"${SCRIPT_OUTPUT_FILE_0}\"\n";
			showEnvVarsInLog = 0;
		};
/* End PBXShellScriptBuildPhase section */

/* Begin PBXSourcesBuildPhase section */
		D7A1D61B22E01CA5007875F9 /* Sources */ = {
			isa = PBXSourcesBuildPhase;
			buildActionMask = 2147483647;
			files = (
				D7A1D66622E05906007875F9 /* GHConst.swift in Sources */,
				D7C190B422E1D88100131056 /* GH_ChangePasswordViewController.swift in Sources */,
				D711AA492306819900C4C513 /* NSString+GetmanagerHashSha.m in Sources */,
				D7C190AE22E1CB6100131056 /* GH_AboutUsViewController.swift in Sources */,
				D7FC6BF822E58F8200CC451A /* LoginCountAndPassWordViewController.swift in Sources */,
				D7A1D65F22E02066007875F9 /* GH_OrderViewController.swift in Sources */,
				D7A1D66822E070A8007875F9 /* GH_HomeDetailViewController.swift in Sources */,
				D7A1D65822E01DC6007875F9 /* BaseViewController.swift in Sources */,
				D71D91A422E82E5200CA9E00 /* ForgetPasswordViewController.swift in Sources */,
				D7C190B022E1CDAE00131056 /* GH_PersionMessageViewController.swift in Sources */,
				D7CBE51C22E2E219003D5390 /* LoginCodeViewController.swift in Sources */,
				D7F4085A22E1598E0002E85F /* GH_OrderListTopView.swift in Sources */,
				D7A1D62522E01CA5007875F9 /* ViewController.swift in Sources */,
				D7A1D65D22E0202C007875F9 /* GH_HomeViewController.swift in Sources */,
				D7C190B222E1CE2A00131056 /* GH_PersionMessageTableViewCell.swift in Sources */,
				D7A1D65422E01DA6007875F9 /* GH_TabBarViewController.swift in Sources */,
				D7C190A322E1B58F00131056 /* GH_My_Button.swift in Sources */,
				D7FC6BF622E54F0200CC451A /* RegisterViewController.swift in Sources */,
				D7F4085822E158FB0002E85F /* GH_OrderListTableViewCell.swift in Sources */,
				D7A1D62322E01CA5007875F9 /* AppDelegate.swift in Sources */,
				D7C190AC22E1CADA00131056 /* GH_MessageDetailViewController.swift in Sources */,
				D7C190A522E1C16400131056 /* GH_MessageViewController.swift in Sources */,
				D7A1D66422E04A19007875F9 /* GH_HomeTableViewCell.swift in Sources */,
				D7B571EB22E94126004F89BD /* GH_MyPhoneViewController.swift in Sources */,
				D7A1D65622E01DB7007875F9 /* GH_NavViewController.swift in Sources */,
				D75EFFA122EE893800497E4D /* GHTools.swift in Sources */,
				D7C190AA22E1C56B00131056 /* GH_MessageTableViewCell.swift in Sources */,
				D7D12A952303E213008BF9DC /* GetManager.swift in Sources */,
				D7A1D66122E0207C007875F9 /* GH_MyViewController.swift in Sources */,
			);
			runOnlyForDeploymentPostprocessing = 0;
		};
		D7A1D62F22E01CA7007875F9 /* Sources */ = {
			isa = PBXSourcesBuildPhase;
			buildActionMask = 2147483647;
			files = (
				D7A1D63822E01CA7007875F9 /* JstTreeSwiftTests.swift in Sources */,
			);
			runOnlyForDeploymentPostprocessing = 0;
		};
		D7A1D63A22E01CA8007875F9 /* Sources */ = {
			isa = PBXSourcesBuildPhase;
			buildActionMask = 2147483647;
			files = (
				D7A1D64322E01CA8007875F9 /* JstTreeSwiftUITests.swift in Sources */,
			);
			runOnlyForDeploymentPostprocessing = 0;
		};
/* End PBXSourcesBuildPhase section */

/* Begin PBXTargetDependency section */
		D7A1D63522E01CA7007875F9 /* PBXTargetDependency */ = {
			isa = PBXTargetDependency;
			target = D7A1D61E22E01CA5007875F9 /* JstTreeSwift */;
			targetProxy = D7A1D63422E01CA7007875F9 /* PBXContainerItemProxy */;
		};
		D7A1D64022E01CA8007875F9 /* PBXTargetDependency */ = {
			isa = PBXTargetDependency;
			target = D7A1D61E22E01CA5007875F9 /* JstTreeSwift */;
			targetProxy = D7A1D63F22E01CA8007875F9 /* PBXContainerItemProxy */;
		};
/* End PBXTargetDependency section */

/* Begin PBXVariantGroup section */
		D7A1D62622E01CA6007875F9 /* Main.storyboard */ = {
			isa = PBXVariantGroup;
			children = (
				D7A1D62722E01CA6007875F9 /* Base */,
			);
			name = Main.storyboard;
			sourceTree = "<group>";
		};
		D7A1D62B22E01CA7007875F9 /* LaunchScreen.storyboard */ = {
			isa = PBXVariantGroup;
			children = (
				D7A1D62C22E01CA7007875F9 /* Base */,
			);
			name = LaunchScreen.storyboard;
			sourceTree = "<group>";
		};
/* End PBXVariantGroup section */

/* Begin XCBuildConfiguration section */
		D7A1D64522E01CA8007875F9 /* Debug */ = {
			isa = XCBuildConfiguration;
			buildSettings = {
				ALWAYS_SEARCH_USER_PATHS = NO;
				CLANG_ANALYZER_NONNULL = YES;
				CLANG_ANALYZER_NUMBER_OBJECT_CONVERSION = YES_AGGRESSIVE;
				CLANG_CXX_LANGUAGE_STANDARD = "gnu++14";
				CLANG_CXX_LIBRARY = "libc++";
				CLANG_ENABLE_MODULES = YES;
				CLANG_ENABLE_OBJC_ARC = YES;
				CLANG_ENABLE_OBJC_WEAK = YES;
				CLANG_WARN_BLOCK_CAPTURE_AUTORELEASING = YES;
				CLANG_WARN_BOOL_CONVERSION = YES;
				CLANG_WARN_COMMA = YES;
				CLANG_WARN_CONSTANT_CONVERSION = YES;
				CLANG_WARN_DEPRECATED_OBJC_IMPLEMENTATIONS = YES;
				CLANG_WARN_DIRECT_OBJC_ISA_USAGE = YES_ERROR;
				CLANG_WARN_DOCUMENTATION_COMMENTS = YES;
				CLANG_WARN_EMPTY_BODY = YES;
				CLANG_WARN_ENUM_CONVERSION = YES;
				CLANG_WARN_INFINITE_RECURSION = YES;
				CLANG_WARN_INT_CONVERSION = YES;
				CLANG_WARN_NON_LITERAL_NULL_CONVERSION = YES;
				CLANG_WARN_OBJC_IMPLICIT_RETAIN_SELF = YES;
				CLANG_WARN_OBJC_LITERAL_CONVERSION = YES;
				CLANG_WARN_OBJC_ROOT_CLASS = YES_ERROR;
				CLANG_WARN_RANGE_LOOP_ANALYSIS = YES;
				CLANG_WARN_STRICT_PROTOTYPES = YES;
				CLANG_WARN_SUSPICIOUS_MOVE = YES;
				CLANG_WARN_UNGUARDED_AVAILABILITY = YES_AGGRESSIVE;
				CLANG_WARN_UNREACHABLE_CODE = YES;
				CLANG_WARN__DUPLICATE_METHOD_MATCH = YES;
				CODE_SIGN_IDENTITY = "iPhone Developer";
				COPY_PHASE_STRIP = NO;
				DEBUG_INFORMATION_FORMAT = dwarf;
				ENABLE_STRICT_OBJC_MSGSEND = YES;
				ENABLE_TESTABILITY = YES;
				GCC_C_LANGUAGE_STANDARD = gnu11;
				GCC_DYNAMIC_NO_PIC = NO;
				GCC_NO_COMMON_BLOCKS = YES;
				GCC_OPTIMIZATION_LEVEL = 0;
				GCC_PREPROCESSOR_DEFINITIONS = (
					"DEBUG=1",
					"$(inherited)",
				);
				GCC_WARN_64_TO_32_BIT_CONVERSION = YES;
				GCC_WARN_ABOUT_RETURN_TYPE = YES_ERROR;
				GCC_WARN_UNDECLARED_SELECTOR = YES;
				GCC_WARN_UNINITIALIZED_AUTOS = YES_AGGRESSIVE;
				GCC_WARN_UNUSED_FUNCTION = YES;
				GCC_WARN_UNUSED_VARIABLE = YES;
				IPHONEOS_DEPLOYMENT_TARGET = 12.1;
				MTL_ENABLE_DEBUG_INFO = INCLUDE_SOURCE;
				MTL_FAST_MATH = YES;
				ONLY_ACTIVE_ARCH = YES;
				SDKROOT = iphoneos;
				SWIFT_ACTIVE_COMPILATION_CONDITIONS = DEBUG;
				SWIFT_OPTIMIZATION_LEVEL = "-Onone";
			};
			name = Debug;
		};
		D7A1D64622E01CA8007875F9 /* Release */ = {
			isa = XCBuildConfiguration;
			buildSettings = {
				ALWAYS_SEARCH_USER_PATHS = NO;
				CLANG_ANALYZER_NONNULL = YES;
				CLANG_ANALYZER_NUMBER_OBJECT_CONVERSION = YES_AGGRESSIVE;
				CLANG_CXX_LANGUAGE_STANDARD = "gnu++14";
				CLANG_CXX_LIBRARY = "libc++";
				CLANG_ENABLE_MODULES = YES;
				CLANG_ENABLE_OBJC_ARC = YES;
				CLANG_ENABLE_OBJC_WEAK = YES;
				CLANG_WARN_BLOCK_CAPTURE_AUTORELEASING = YES;
				CLANG_WARN_BOOL_CONVERSION = YES;
				CLANG_WARN_COMMA = YES;
				CLANG_WARN_CONSTANT_CONVERSION = YES;
				CLANG_WARN_DEPRECATED_OBJC_IMPLEMENTATIONS = YES;
				CLANG_WARN_DIRECT_OBJC_ISA_USAGE = YES_ERROR;
				CLANG_WARN_DOCUMENTATION_COMMENTS = YES;
				CLANG_WARN_EMPTY_BODY = YES;
				CLANG_WARN_ENUM_CONVERSION = YES;
				CLANG_WARN_INFINITE_RECURSION = YES;
				CLANG_WARN_INT_CONVERSION = YES;
				CLANG_WARN_NON_LITERAL_NULL_CONVERSION = YES;
				CLANG_WARN_OBJC_IMPLICIT_RETAIN_SELF = YES;
				CLANG_WARN_OBJC_LITERAL_CONVERSION = YES;
				CLANG_WARN_OBJC_ROOT_CLASS = YES_ERROR;
				CLANG_WARN_RANGE_LOOP_ANALYSIS = YES;
				CLANG_WARN_STRICT_PROTOTYPES = YES;
				CLANG_WARN_SUSPICIOUS_MOVE = YES;
				CLANG_WARN_UNGUARDED_AVAILABILITY = YES_AGGRESSIVE;
				CLANG_WARN_UNREACHABLE_CODE = YES;
				CLANG_WARN__DUPLICATE_METHOD_MATCH = YES;
				CODE_SIGN_IDENTITY = "iPhone Developer";
				COPY_PHASE_STRIP = NO;
				DEBUG_INFORMATION_FORMAT = "dwarf-with-dsym";
				ENABLE_NS_ASSERTIONS = NO;
				ENABLE_STRICT_OBJC_MSGSEND = YES;
				GCC_C_LANGUAGE_STANDARD = gnu11;
				GCC_NO_COMMON_BLOCKS = YES;
				GCC_WARN_64_TO_32_BIT_CONVERSION = YES;
				GCC_WARN_ABOUT_RETURN_TYPE = YES_ERROR;
				GCC_WARN_UNDECLARED_SELECTOR = YES;
				GCC_WARN_UNINITIALIZED_AUTOS = YES_AGGRESSIVE;
				GCC_WARN_UNUSED_FUNCTION = YES;
				GCC_WARN_UNUSED_VARIABLE = YES;
				IPHONEOS_DEPLOYMENT_TARGET = 12.1;
				MTL_ENABLE_DEBUG_INFO = NO;
				MTL_FAST_MATH = YES;
				SDKROOT = iphoneos;
				SWIFT_COMPILATION_MODE = wholemodule;
				SWIFT_OPTIMIZATION_LEVEL = "-O";
				VALIDATE_PRODUCT = YES;
			};
			name = Release;
		};
		D7A1D64822E01CA8007875F9 /* Debug */ = {
			isa = XCBuildConfiguration;
			baseConfigurationReference = 37459F6FA69E0A6557B9F6A7 /* Pods-JstTreeSwift.debug.xcconfig */;
			buildSettings = {
				ASSETCATALOG_COMPILER_APPICON_NAME = AppIcon;
				CLANG_ENABLE_MODULES = YES;
				CODE_SIGN_STYLE = Automatic;
				DEVELOPMENT_TEAM = 9A5HR7XHV2;
				GCC_PRECOMPILE_PREFIX_HEADER = NO;
				GCC_PREFIX_HEADER = "";
				INFOPLIST_FILE = JstTreeSwift/Info.plist;
				IPHONEOS_DEPLOYMENT_TARGET = 11.1;
				LD_RUNPATH_SEARCH_PATHS = (
					"$(inherited)",
					"@executable_path/Frameworks",
				);
				PRODUCT_BUNDLE_IDENTIFIER = cn.ZhiYuan.JasTree;
				PRODUCT_NAME = "$(TARGET_NAME)";
				SWIFT_OBJC_BRIDGING_HEADER = "JstTreeSwift/JstTreeSwift-Bridging-Header.h";
				SWIFT_OBJC_INTERFACE_HEADER_NAME = "";
				SWIFT_OPTIMIZATION_LEVEL = "-Onone";
				SWIFT_VERSION = 4.2;
				TARGETED_DEVICE_FAMILY = "1,2";
			};
			name = Debug;
		};
		D7A1D64922E01CA8007875F9 /* Release */ = {
			isa = XCBuildConfiguration;
			baseConfigurationReference = 6B38B857588397098E9759FD /* Pods-JstTreeSwift.release.xcconfig */;
			buildSettings = {
				ASSETCATALOG_COMPILER_APPICON_NAME = AppIcon;
				CLANG_ENABLE_MODULES = YES;
				CODE_SIGN_STYLE = Automatic;
				DEVELOPMENT_TEAM = 9A5HR7XHV2;
				GCC_PRECOMPILE_PREFIX_HEADER = NO;
				GCC_PREFIX_HEADER = "";
				INFOPLIST_FILE = JstTreeSwift/Info.plist;
				IPHONEOS_DEPLOYMENT_TARGET = 11.1;
				LD_RUNPATH_SEARCH_PATHS = (
					"$(inherited)",
					"@executable_path/Frameworks",
				);
				PRODUCT_BUNDLE_IDENTIFIER = cn.ZhiYuan.JasTree;
				PRODUCT_NAME = "$(TARGET_NAME)";
				SWIFT_OBJC_BRIDGING_HEADER = "JstTreeSwift/JstTreeSwift-Bridging-Header.h";
				SWIFT_OBJC_INTERFACE_HEADER_NAME = "";
				SWIFT_VERSION = 4.2;
				TARGETED_DEVICE_FAMILY = "1,2";
			};
			name = Release;
		};
		D7A1D64B22E01CA8007875F9 /* Debug */ = {
			isa = XCBuildConfiguration;
			baseConfigurationReference = 909C5F14979F7523744F006A /* Pods-JstTreeSwiftTests.debug.xcconfig */;
			buildSettings = {
				ALWAYS_EMBED_SWIFT_STANDARD_LIBRARIES = YES;
				BUNDLE_LOADER = "$(TEST_HOST)";
				CODE_SIGN_STYLE = Automatic;
				INFOPLIST_FILE = JstTreeSwiftTests/Info.plist;
				LD_RUNPATH_SEARCH_PATHS = (
					"$(inherited)",
					"@executable_path/Frameworks",
					"@loader_path/Frameworks",
				);
				PRODUCT_BUNDLE_IDENTIFIER = com.ZhengXinChaXun.GuoHui.JstTreeSwiftTests;
				PRODUCT_NAME = "$(TARGET_NAME)";
				SWIFT_VERSION = 4.2;
				TARGETED_DEVICE_FAMILY = "1,2";
				TEST_HOST = "$(BUILT_PRODUCTS_DIR)/JstTreeSwift.app/JstTreeSwift";
			};
			name = Debug;
		};
		D7A1D64C22E01CA8007875F9 /* Release */ = {
			isa = XCBuildConfiguration;
			baseConfigurationReference = 0450A3A77154B06CBD4F099C /* Pods-JstTreeSwiftTests.release.xcconfig */;
			buildSettings = {
				ALWAYS_EMBED_SWIFT_STANDARD_LIBRARIES = YES;
				BUNDLE_LOADER = "$(TEST_HOST)";
				CODE_SIGN_STYLE = Automatic;
				INFOPLIST_FILE = JstTreeSwiftTests/Info.plist;
				LD_RUNPATH_SEARCH_PATHS = (
					"$(inherited)",
					"@executable_path/Frameworks",
					"@loader_path/Frameworks",
				);
				PRODUCT_BUNDLE_IDENTIFIER = com.ZhengXinChaXun.GuoHui.JstTreeSwiftTests;
				PRODUCT_NAME = "$(TARGET_NAME)";
				SWIFT_VERSION = 4.2;
				TARGETED_DEVICE_FAMILY = "1,2";
				TEST_HOST = "$(BUILT_PRODUCTS_DIR)/JstTreeSwift.app/JstTreeSwift";
			};
			name = Release;
		};
		D7A1D64E22E01CA8007875F9 /* Debug */ = {
			isa = XCBuildConfiguration;
			baseConfigurationReference = 851717A883D858B420C7C708 /* Pods-JstTreeSwiftUITests.debug.xcconfig */;
			buildSettings = {
				ALWAYS_EMBED_SWIFT_STANDARD_LIBRARIES = YES;
				CODE_SIGN_STYLE = Automatic;
				INFOPLIST_FILE = JstTreeSwiftUITests/Info.plist;
				LD_RUNPATH_SEARCH_PATHS = (
					"$(inherited)",
					"@executable_path/Frameworks",
					"@loader_path/Frameworks",
				);
				PRODUCT_BUNDLE_IDENTIFIER = com.ZhengXinChaXun.GuoHui.JstTreeSwiftUITests;
				PRODUCT_NAME = "$(TARGET_NAME)";
				SWIFT_VERSION = 4.2;
				TARGETED_DEVICE_FAMILY = "1,2";
				TEST_TARGET_NAME = JstTreeSwift;
			};
			name = Debug;
		};
		D7A1D64F22E01CA8007875F9 /* Release */ = {
			isa = XCBuildConfiguration;
			baseConfigurationReference = 8A9D09418A953187EA1395F6 /* Pods-JstTreeSwiftUITests.release.xcconfig */;
			buildSettings = {
				ALWAYS_EMBED_SWIFT_STANDARD_LIBRARIES = YES;
				CODE_SIGN_STYLE = Automatic;
				INFOPLIST_FILE = JstTreeSwiftUITests/Info.plist;
				LD_RUNPATH_SEARCH_PATHS = (
					"$(inherited)",
					"@executable_path/Frameworks",
					"@loader_path/Frameworks",
				);
				PRODUCT_BUNDLE_IDENTIFIER = com.ZhengXinChaXun.GuoHui.JstTreeSwiftUITests;
				PRODUCT_NAME = "$(TARGET_NAME)";
				SWIFT_VERSION = 4.2;
				TARGETED_DEVICE_FAMILY = "1,2";
				TEST_TARGET_NAME = JstTreeSwift;
			};
			name = Release;
		};
/* End XCBuildConfiguration section */

/* Begin XCConfigurationList section */
		D7A1D61A22E01CA5007875F9 /* Build configuration list for PBXProject "JstTreeSwift" */ = {
			isa = XCConfigurationList;
			buildConfigurations = (
				D7A1D64522E01CA8007875F9 /* Debug */,
				D7A1D64622E01CA8007875F9 /* Release */,
			);
			defaultConfigurationIsVisible = 0;
			defaultConfigurationName = Release;
		};
		D7A1D64722E01CA8007875F9 /* Build configuration list for PBXNativeTarget "JstTreeSwift" */ = {
			isa = XCConfigurationList;
			buildConfigurations = (
				D7A1D64822E01CA8007875F9 /* Debug */,
				D7A1D64922E01CA8007875F9 /* Release */,
			);
			defaultConfigurationIsVisible = 0;
			defaultConfigurationName = Release;
		};
		D7A1D64A22E01CA8007875F9 /* Build configuration list for PBXNativeTarget "JstTreeSwiftTests" */ = {
			isa = XCConfigurationList;
			buildConfigurations = (
				D7A1D64B22E01CA8007875F9 /* Debug */,
				D7A1D64C22E01CA8007875F9 /* Release */,
			);
			defaultConfigurationIsVisible = 0;
			defaultConfigurationName = Release;
		};
		D7A1D64D22E01CA8007875F9 /* Build configuration list for PBXNativeTarget "JstTreeSwiftUITests" */ = {
			isa = XCConfigurationList;
			buildConfigurations = (
				D7A1D64E22E01CA8007875F9 /* Debug */,
				D7A1D64F22E01CA8007875F9 /* Release */,
			);
			defaultConfigurationIsVisible = 0;
			defaultConfigurationName = Release;
		};
/* End XCConfigurationList section */
	};
	rootObject = D7A1D61722E01CA5007875F9 /* Project object */;
}
